// !$*UTF8*$!
{
	archiveVersion = 1;
	classes = {
	};
	objectVersion = 46;
	objects = {

/* Begin PBXBuildFile section */
		4914D8891CD1C17D0096F589 /* DadViewController.swift in Sources */ = {isa = PBXBuildFile; fileRef = 4914D8881CD1C17D0096F589 /* DadViewController.swift */; };
		4914D88B1CD1C1A80096F589 /* DadQuestionViewController.swift in Sources */ = {isa = PBXBuildFile; fileRef = 4914D88A1CD1C1A80096F589 /* DadQuestionViewController.swift */; };
		4914D88D1CD1C1BF0096F589 /* DadAnswerViewController.swift in Sources */ = {isa = PBXBuildFile; fileRef = 4914D88C1CD1C1BF0096F589 /* DadAnswerViewController.swift */; };
		4914D88F1CD1C6CD0096F589 /* alligator.jpg in Resources */ = {isa = PBXBuildFile; fileRef = 4914D88E1CD1C6CD0096F589 /* alligator.jpg */; };
		491F023E1CD1383D0096CE0D /* AppDelegate.swift in Sources */ = {isa = PBXBuildFile; fileRef = 491F023D1CD1383D0096CE0D /* AppDelegate.swift */; };
		491F02401CD1383D0096CE0D /* GoodViewController.swift in Sources */ = {isa = PBXBuildFile; fileRef = 491F023F1CD1383D0096CE0D /* GoodViewController.swift */; };
		491F02421CD1383D0096CE0D /* PunViewController.swift in Sources */ = {isa = PBXBuildFile; fileRef = 491F02411CD1383D0096CE0D /* PunViewController.swift */; };
		491F02451CD1383D0096CE0D /* Main.storyboard in Resources */ = {isa = PBXBuildFile; fileRef = 491F02431CD1383D0096CE0D /* Main.storyboard */; };
		491F02471CD1383D0096CE0D /* Assets.xcassets in Resources */ = {isa = PBXBuildFile; fileRef = 491F02461CD1383D0096CE0D /* Assets.xcassets */; };
		491F024A1CD1383D0096CE0D /* LaunchScreen.storyboard in Resources */ = {isa = PBXBuildFile; fileRef = 491F02481CD1383D0096CE0D /* LaunchScreen.storyboard */; };
		9DDBB33C1CD14BA800A51ED1 /* GoodQuestionViewController.swift in Sources */ = {isa = PBXBuildFile; fileRef = 9DDBB33B1CD14BA800A51ED1 /* GoodQuestionViewController.swift */; };
		9DDBB33E1CD152EC00A51ED1 /* GoodAnswerViewController.swift in Sources */ = {isa = PBXBuildFile; fileRef = 9DDBB33D1CD152EC00A51ED1 /* GoodAnswerViewController.swift */; };
		9DDBB3401CD156C700A51ED1 /* PunQuestionViewController.swift in Sources */ = {isa = PBXBuildFile; fileRef = 9DDBB33F1CD156C700A51ED1 /* PunQuestionViewController.swift */; };
		9DDBB3421CD1575600A51ED1 /* PunAnswerViewController.swift in Sources */ = {isa = PBXBuildFile; fileRef = 9DDBB3411CD1575600A51ED1 /* PunAnswerViewController.swift */; };
/* End PBXBuildFile section */

/* Begin PBXFileReference section */
		4914D8881CD1C17D0096F589 /* DadViewController.swift */ = {isa = PBXFileReference; fileEncoding = 4; lastKnownFileType = sourcecode.swift; path = DadViewController.swift; sourceTree = "<group>"; };
		4914D88A1CD1C1A80096F589 /* DadQuestionViewController.swift */ = {isa = PBXFileReference; fileEncoding = 4; lastKnownFileType = sourcecode.swift; path = DadQuestionViewController.swift; sourceTree = "<group>"; };
		4914D88C1CD1C1BF0096F589 /* DadAnswerViewController.swift */ = {isa = PBXFileReference; fileEncoding = 4; lastKnownFileType = sourcecode.swift; path = DadAnswerViewController.swift; sourceTree = "<group>"; };
		4914D88E1CD1C6CD0096F589 /* alligator.jpg */ = {isa = PBXFileReference; lastKnownFileType = image.jpeg; name = alligator.jpg; path = ../../../../../Downloads/alligator.jpg; sourceTree = "<group>"; };
		491F023A1CD1383D0096CE0D /* iKid.app */ = {isa = PBXFileReference; explicitFileType = wrapper.application; includeInIndex = 0; path = iKid.app; sourceTree = BUILT_PRODUCTS_DIR; };
		491F023D1CD1383D0096CE0D /* AppDelegate.swift */ = {isa = PBXFileReference; lastKnownFileType = sourcecode.swift; path = AppDelegate.swift; sourceTree = "<group>"; };
		491F023F1CD1383D0096CE0D /* GoodViewController.swift */ = {isa = PBXFileReference; lastKnownFileType = sourcecode.swift; path = GoodViewController.swift; sourceTree = "<group>"; };
		491F02411CD1383D0096CE0D /* PunViewController.swift */ = {isa = PBXFileReference; lastKnownFileType = sourcecode.swift; path = PunViewController.swift; sourceTree = "<group>"; };
		491F02441CD1383D0096CE0D /* Base */ = {isa = PBXFileReference; lastKnownFileType = file.storyboard; name = Base; path = Base.lproj/Main.storyboard; sourceTree = "<group>"; };
		491F02461CD1383D0096CE0D /* Assets.xcassets */ = {isa = PBXFileReference; lastKnownFileType = folder.assetcatalog; path = Assets.xcassets; sourceTree = "<group>"; };
		491F02491CD1383D0096CE0D /* Base */ = {isa = PBXFileReference; lastKnownFileType = file.storyboard; name = Base; path = Base.lproj/LaunchScreen.storyboard; sourceTree = "<group>"; };
		491F024B1CD1383D0096CE0D /* Info.plist */ = {isa = PBXFileReference; lastKnownFileType = text.plist.xml; path = Info.plist; sourceTree = "<group>"; };
		9DDBB33B1CD14BA800A51ED1 /* GoodQuestionViewController.swift */ = {isa = PBXFileReference; fileEncoding = 4; lastKnownFileType = sourcecode.swift; path = GoodQuestionViewController.swift; sourceTree = "<group>"; };
		9DDBB33D1CD152EC00A51ED1 /* GoodAnswerViewController.swift */ = {isa = PBXFileReference; fileEncoding = 4; lastKnownFileType = sourcecode.swift; path = GoodAnswerViewController.swift; sourceTree = "<group>"; };
		9DDBB33F1CD156C700A51ED1 /* PunQuestionViewController.swift */ = {isa = PBXFileReference; fileEncoding = 4; lastKnownFileType = sourcecode.swift; path = PunQuestionViewController.swift; sourceTree = "<group>"; };
		9DDBB3411CD1575600A51ED1 /* PunAnswerViewController.swift */ = {isa = PBXFileReference; fileEncoding = 4; lastKnownFileType = sourcecode.swift; path = PunAnswerViewController.swift; sourceTree = "<group>"; };
/* End PBXFileReference section */

/* Begin PBXFrameworksBuildPhase section */
		491F02371CD1383D0096CE0D /* Frameworks */ = {
			isa = PBXFrameworksBuildPhase;
			buildActionMask = 2147483647;
			files = (
			);
			runOnlyForDeploymentPostprocessing = 0;
		};
/* End PBXFrameworksBuildPhase section */

/* Begin PBXGroup section */
		491F02311CD1383D0096CE0D = {
			isa = PBXGroup;
			children = (
				491F023C1CD1383D0096CE0D /* iKid */,
				491F023B1CD1383D0096CE0D /* Products */,
			);
			sourceTree = "<group>";
		};
		491F023B1CD1383D0096CE0D /* Products */ = {
			isa = PBXGroup;
			children = (
				491F023A1CD1383D0096CE0D /* iKid.app */,
			);
			name = Products;
			sourceTree = "<group>";
		};
		491F023C1CD1383D0096CE0D /* iKid */ = {
			isa = PBXGroup;
			children = (
				491F023D1CD1383D0096CE0D /* AppDelegate.swift */,
				491F023F1CD1383D0096CE0D /* GoodViewController.swift */,
				9DDBB33B1CD14BA800A51ED1 /* GoodQuestionViewController.swift */,
				9DDBB33D1CD152EC00A51ED1 /* GoodAnswerViewController.swift */,
				491F02411CD1383D0096CE0D /* PunViewController.swift */,
				9DDBB33F1CD156C700A51ED1 /* PunQuestionViewController.swift */,
				9DDBB3411CD1575600A51ED1 /* PunAnswerViewController.swift */,
				4914D8881CD1C17D0096F589 /* DadViewController.swift */,
				4914D88A1CD1C1A80096F589 /* DadQuestionViewController.swift */,
				4914D88C1CD1C1BF0096F589 /* DadAnswerViewController.swift */,
				491F02431CD1383D0096CE0D /* Main.storyboard */,
				4914D88E1CD1C6CD0096F589 /* alligator.jpg */,
				491F02461CD1383D0096CE0D /* Assets.xcassets */,
				491F02481CD1383D0096CE0D /* LaunchScreen.storyboard */,
				491F024B1CD1383D0096CE0D /* Info.plist */,
			);
			path = iKid;
			sourceTree = "<group>";
		};
/* End PBXGroup section */

/* Begin PBXNativeTarget section */
		491F02391CD1383D0096CE0D /* iKid */ = {
			isa = PBXNativeTarget;
			buildConfigurationList = 491F024E1CD1383D0096CE0D /* Build configuration list for PBXNativeTarget "iKid" */;
			buildPhases = (
				491F02361CD1383D0096CE0D /* Sources */,
				491F02371CD1383D0096CE0D /* Frameworks */,
				491F02381CD1383D0096CE0D /* Resources */,
			);
			buildRules = (
			);
			dependencies = (
			);
			name = iKid;
			productName = iKid;
			productReference = 491F023A1CD1383D0096CE0D /* iKid.app */;
			productType = "com.apple.product-type.application";
		};
/* End PBXNativeTarget section */

/* Begin PBXProject section */
		491F02321CD1383D0096CE0D /* Project object */ = {
			isa = PBXProject;
			attributes = {
				LastSwiftUpdateCheck = 0730;
				LastUpgradeCheck = 0730;
				ORGANIZATIONNAME = "Vincent Wu";
				TargetAttributes = {
					491F02391CD1383D0096CE0D = {
						CreatedOnToolsVersion = 7.3;
						DevelopmentTeam = V9255G6442;
					};
				};
			};
			buildConfigurationList = 491F02351CD1383D0096CE0D /* Build configuration list for PBXProject "iKid" */;
			compatibilityVersion = "Xcode 3.2";
			developmentRegion = English;
			hasScannedForEncodings = 0;
			knownRegions = (
				en,
				Base,
			);
			mainGroup = 491F02311CD1383D0096CE0D;
			productRefGroup = 491F023B1CD1383D0096CE0D /* Products */;
			projectDirPath = "";
			projectRoot = "";
			targets = (
				491F02391CD1383D0096CE0D /* iKid */,
			);
		};
/* End PBXProject section */

/* Begin PBXResourcesBuildPhase section */
		491F02381CD1383D0096CE0D /* Resources */ = {
			isa = PBXResourcesBuildPhase;
			buildActionMask = 2147483647;
			files = (
				491F024A1CD1383D0096CE0D /* LaunchScreen.storyboard in Resources */,
				491F02471CD1383D0096CE0D /* Assets.xcassets in Resources */,
				491F02451CD1383D0096CE0D /* Main.storyboard in Resources */,
				4914D88F1CD1C6CD0096F589 /* alligator.jpg in Resources */,
			);
			runOnlyForDeploymentPostprocessing = 0;
		};
/* End PBXResourcesBuildPhase section */

/* Begin PBXSourcesBuildPhase section */
		491F02361CD1383D0096CE0D /* Sources */ = {
			isa = PBXSourcesBuildPhase;
			buildActionMask = 2147483647;
			files = (
				491F02421CD1383D0096CE0D /* PunViewController.swift in Sources */,
				9DDBB33E1CD152EC00A51ED1 /* GoodAnswerViewController.swift in Sources */,
				4914D8891CD1C17D0096F589 /* DadViewController.swift in Sources */,
				9DDBB3401CD156C700A51ED1 /* PunQuestionViewController.swift in Sources */,
				4914D88D1CD1C1BF0096F589 /* DadAnswerViewController.swift in Sources */,
				4914D88B1CD1C1A80096F589 /* DadQuestionViewController.swift in Sources */,
				491F023E1CD1383D0096CE0D /* AppDelegate.swift in Sources */,
				9DDBB33C1CD14BA800A51ED1 /* GoodQuestionViewController.swift in Sources */,
				9DDBB3421CD1575600A51ED1 /* PunAnswerViewController.swift in Sources */,
				491F02401CD1383D0096CE0D /* GoodViewController.swift in Sources */,
			);
			runOnlyForDeploymentPostprocessing = 0;
		};
/* End PBXSourcesBuildPhase section */

/* Begin PBXVariantGroup section */
		491F02431CD1383D0096CE0D /* Main.storyboard */ = {
			isa = PBXVariantGroup;
			children = (
				491F02441CD1383D0096CE0D /* Base */,
			);
			name = Main.storyboard;
			sourceTree = "<group>";
		};
		491F02481CD1383D0096CE0D /* LaunchScreen.storyboard */ = {
			isa = PBXVariantGroup;
			children = (
				491F02491CD1383D0096CE0D /* Base */,
			);
			name = LaunchScreen.storyboard;
			sourceTree = "<group>";
		};
/* End PBXVariantGroup section */

/* Begin XCBuildConfiguration section */
		491F024C1CD1383D0096CE0D /* Debug */ = {
			isa = XCBuildConfiguration;
			buildSettings = {
				ALWAYS_SEARCH_USER_PATHS = NO;
				CLANG_ANALYZER_NONNULL = YES;
				CLANG_CXX_LANGUAGE_STANDARD = "gnu++0x";
				CLANG_CXX_LIBRARY = "libc++";
				CLANG_ENABLE_MODULES = YES;
				CLANG_ENABLE_OBJC_ARC = YES;
				CLANG_WARN_BOOL_CONVERSION = YES;
				CLANG_WARN_CONSTANT_CONVERSION = YES;
				CLANG_WARN_DIRECT_OBJC_ISA_USAGE = YES_ERROR;
				CLANG_WARN_EMPTY_BODY = YES;
				CLANG_WARN_ENUM_CONVERSION = YES;
				CLANG_WARN_INT_CONVERSION = YES;
				CLANG_WARN_OBJC_ROOT_CLASS = YES_ERROR;
				CLANG_WARN_UNREACHABLE_CODE = YES;
				CLANG_WARN__DUPLICATE_METHOD_MATCH = YES;
				"CODE_SIGN_IDENTITY[sdk=iphoneos*]" = "iPhone Developer";
				COPY_PHASE_STRIP = NO;
				DEBUG_INFORMATION_FORMAT = dwarf;
				ENABLE_STRICT_OBJC_MSGSEND = YES;
				ENABLE_TESTABILITY = YES;
				GCC_C_LANGUAGE_STANDARD = gnu99;
				GCC_DYNAMIC_NO_PIC = NO;
				GCC_NO_COMMON_BLOCKS = YES;
				GCC_OPTIMIZATION_LEVEL = 0;
				GCC_PREPROCESSOR_DEFINITIONS = (
					"DEBUG=1",
					"$(inherited)",
				);
				GCC_WARN_64_TO_32_BIT_CONVERSION = YES;
				GCC_WARN_ABOUT_RETURN_TYPE = YES_ERROR;
				GCC_WARN_UNDECLARED_SELECTOR = YES;
				GCC_WARN_UNINITIALIZED_AUTOS = YES_AGGRESSIVE;
				GCC_WARN_UNUSED_FUNCTION = YES;
				GCC_WARN_UNUSED_VARIABLE = YES;
				IPHONEOS_DEPLOYMENT_TARGET = 9.3;
				MTL_ENABLE_DEBUG_INFO = YES;
				ONLY_ACTIVE_ARCH = YES;
				SDKROOT = iphoneos;
				SWIFT_OPTIMIZATION_LEVEL = "-Onone";
			};
			name = Debug;
		};
		491F024D1CD1383D0096CE0D /* Release */ = {
			isa = XCBuildConfiguration;
			buildSettings = {
				ALWAYS_SEARCH_USER_PATHS = NO;
				CLANG_ANALYZER_NONNULL = YES;
				CLANG_CXX_LANGUAGE_STANDARD = "gnu++0x";
				CLANG_CXX_LIBRARY = "libc++";
				CLANG_ENABLE_MODULES = YES;
				CLANG_ENABLE_OBJC_ARC = YES;
				CLANG_WARN_BOOL_CONVERSION = YES;
				CLANG_WARN_CONSTANT_CONVERSION = YES;
				CLANG_WARN_DIRECT_OBJC_ISA_USAGE = YES_ERROR;
				CLANG_WARN_EMPTY_BODY = YES;
				CLANG_WARN_ENUM_CONVERSION = YES;
				CLANG_WARN_INT_CONVERSION = YES;
				CLANG_WARN_OBJC_ROOT_CLASS = YES_ERROR;
				CLANG_WARN_UNREACHABLE_CODE = YES;
				CLANG_WARN__DUPLICATE_METHOD_MATCH = YES;
				"CODE_SIGN_IDENTITY[sdk=iphoneos*]" = "iPhone Developer";
				COPY_PHASE_STRIP = NO;
				DEBUG_INFORMATION_FORMAT = "dwarf-with-dsym";
				ENABLE_NS_ASSERTIONS = NO;
				ENABLE_STRICT_OBJC_MSGSEND = YES;
				GCC_C_LANGUAGE_STANDARD = gnu99;
				GCC_NO_COMMON_BLOCKS = YES;
				GCC_WARN_64_TO_32_BIT_CONVERSION = YES;
				GCC_WARN_ABOUT_RETURN_TYPE = YES_ERROR;
				GCC_WARN_UNDECLARED_SELECTOR = YES;
				GCC_WARN_UNINITIALIZED_AUTOS = YES_AGGRESSIVE;
				GCC_WARN_UNUSED_FUNCTION = YES;
				GCC_WARN_UNUSED_VARIABLE = YES;
				IPHONEOS_DEPLOYMENT_TARGET = 9.3;
				MTL_ENABLE_DEBUG_INFO = NO;
				SDKROOT = iphoneos;
				VALIDATE_PRODUCT = YES;
			};
			name = Release;
		};
		491F024F1CD1383D0096CE0D /* Debug */ = {
			isa = XCBuildConfiguration;
			buildSettings = {
				ASSETCATALOG_COMPILER_APPICON_NAME = AppIcon;
				INFOPLIST_FILE = iKid/Info.plist;
				LD_RUNPATH_SEARCH_PATHS = "$(inherited) @executable_path/Frameworks";
				PRODUCT_BUNDLE_IDENTIFIER = uw.edu.ischool.iKid;
				PRODUCT_NAME = "$(TARGET_NAME)";
			};
			name = Debug;
		};
		491F02501CD1383D0096CE0D /* Release */ = {
			isa = XCBuildConfiguration;
			buildSettings = {
				ASSETCATALOG_COMPILER_APPICON_NAME = AppIcon;
				INFOPLIST_FILE = iKid/Info.plist;
				LD_RUNPATH_SEARCH_PATHS = "$(inherited) @executable_path/Frameworks";
				PRODUCT_BUNDLE_IDENTIFIER = uw.edu.ischool.iKid;
				PRODUCT_NAME = "$(TARGET_NAME)";
			};
			name = Release;
		};
/* End XCBuildConfiguration section */

/* Begin XCConfigurationList section */
		491F02351CD1383D0096CE0D /* Build configuration list for PBXProject "iKid" */ = {
			isa = XCConfigurationList;
			buildConfigurations = (
				491F024C1CD1383D0096CE0D /* Debug */,
				491F024D1CD1383D0096CE0D /* Release */,
			);
			defaultConfigurationIsVisible = 0;
			defaultConfigurationName = Release;
		};
		491F024E1CD1383D0096CE0D /* Build configuration list for PBXNativeTarget "iKid" */ = {
			isa = XCConfigurationList;
			buildConfigurations = (
				491F024F1CD1383D0096CE0D /* Debug */,
				491F02501CD1383D0096CE0D /* Release */,
			);
			defaultConfigurationIsVisible = 0;
			defaultConfigurationName = Release;
		};
/* End XCConfigurationList section */
	};
	rootObject = 491F02321CD1383D0096CE0D /* Project object */;
}
